<?xml version="1.0" encoding="utf-8"?>
<Project ToolsVersion="4.0" xmlns="http://schemas.microsoft.com/developer/msbuild/2003">
  <ItemGroup>
    <Filter Include="소스 파일">
      <UniqueIdentifier>{4FC737F1-C7A5-4376-A066-2A32D752A2FF}</UniqueIdentifier>
      <Extensions>cpp;c;cc;cxx;c++;cppm;ixx;def;odl;idl;hpj;bat;asm;asmx</Extensions>
    </Filter>
    <Filter Include="헤더 파일">
      <UniqueIdentifier>{93995380-89BD-4b04-88EB-625FBE52EBFB}</UniqueIdentifier>
      <Extensions>h;hh;hpp;hxx;h++;hm;inl;inc;ipp;xsd</Extensions>
    </Filter>
    <Filter Include="리소스 파일">
      <UniqueIdentifier>{67DA6AB6-F800-4c08-8B7A-83BB121AAD01}</UniqueIdentifier>
      <Extensions>rc;ico;cur;bmp;dlg;rc2;rct;bin;rgs;gif;jpg;jpeg;jpe;resx;tiff;tif;png;wav;mfcribbon-ms</Extensions>
    </Filter>
  </ItemGroup>
  <ItemGroup>
    <ClCompile Include="WinAPI.cpp">
      <Filter>소스 파일</Filter>
    </ClCompile>
    <ClCompile Include="Object\Object.cpp">
      <Filter>소스 파일</Filter>
    </ClCompile>
    <ClCompile Include="MainGame.cpp">
      <Filter>소스 파일</Filter>
    </ClCompile>
    <ClCompile Include="Singleton\Timer.cpp">
      <Filter>소스 파일</Filter>
    </ClCompile>
    <ClCompile Include="Singleton\Input.cpp">
      <Filter>소스 파일</Filter>
    </ClCompile>
    <ClCompile Include="Object\Shader.cpp">
      <Filter>소스 파일</Filter>
    </ClCompile>
    <ClCompile Include="Singleton\Cam.cpp">
      <Filter>소스 파일</Filter>
    </ClCompile>
    <ClCompile Include="Object\ObRect.cpp">
      <Filter>소스 파일</Filter>
    </ClCompile>
    <ClCompile Include="Object\ObLine.cpp">
      <Filter>소스 파일</Filter>
    </ClCompile>
    <ClCompile Include="Scene\Scene1.cpp">
      <Filter>소스 파일</Filter>
    </ClCompile>
    <ClCompile Include="Scene\Scene2.cpp">
      <Filter>소스 파일</Filter>
    </ClCompile>
    <ClCompile Include="Object\ObCircle.cpp">
      <Filter>소스 파일</Filter>
    </ClCompile>
    <ClCompile Include="Object\ObStar.cpp">
      <Filter>소스 파일</Filter>
    </ClCompile>
    <ClCompile Include="Object\ObImage.cpp">
      <Filter>소스 파일</Filter>
    </ClCompile>
    <ClCompile Include="Singleton\SceneManager.cpp">
      <Filter>소스 파일</Filter>
    </ClCompile>
    <ClCompile Include="Singleton\Sound.cpp">
      <Filter>소스 파일</Filter>
    </ClCompile>
    <ClCompile Include="Singleton\Light.cpp">
      <Filter>소스 파일</Filter>
    </ClCompile>
    <ClCompile Include="Singleton\Texture.cpp">
      <Filter>소스 파일</Filter>
    </ClCompile>
    <ClCompile Include="Singleton\SpriteText.cpp">
      <Filter>소스 파일</Filter>
    </ClCompile>
    <ClCompile Include="Character\Character.cpp">
      <Filter>소스 파일</Filter>
    </ClCompile>
    <ClCompile Include="Character\Player.cpp">
      <Filter>소스 파일</Filter>
    </ClCompile>
    <ClCompile Include="TileMap\TileMap.cpp">
      <Filter>소스 파일</Filter>
    </ClCompile>
    <ClCompile Include="TileMap\Tile.cpp">
      <Filter>소스 파일</Filter>
    </ClCompile>
    <ClCompile Include="Scene\LoadingScene.cpp">
      <Filter>소스 파일</Filter>
    </ClCompile>
    <ClCompile Include="Item\Item.cpp">
      <Filter>소스 파일</Filter>
    </ClCompile>
    <ClCompile Include="Item\Ammunition.cpp">
      <Filter>소스 파일</Filter>
    </ClCompile>
    <ClCompile Include="Item\HealPack.cpp">
      <Filter>소스 파일</Filter>
    </ClCompile>
    <ClCompile Include="Item\Money.cpp">
      <Filter>소스 파일</Filter>
    </ClCompile>
    <ClCompile Include="Item\Armor.cpp">
      <Filter>소스 파일</Filter>
    </ClCompile>
    <ClCompile Include="HUD\HUD.cpp">
      <Filter>소스 파일</Filter>
    </ClCompile>
    <ClCompile Include="Character\Sniper.cpp">
      <Filter>소스 파일</Filter>
    </ClCompile>
    <ClCompile Include="Character\Soldier.cpp">
      <Filter>소스 파일</Filter>
    </ClCompile>
    <ClCompile Include="Character\Storm.cpp">
      <Filter>소스 파일</Filter>
    </ClCompile>
    <ClCompile Include="Obstacle\Obstacle.cpp">
      <Filter>소스 파일</Filter>
    </ClCompile>
    <ClCompile Include="Obstacle\House1.cpp">
      <Filter>소스 파일</Filter>
    </ClCompile>
    <ClCompile Include="Obstacle\House2.cpp">
      <Filter>소스 파일</Filter>
    </ClCompile>
    <ClCompile Include="Obstacle\Tree1.cpp">
      <Filter>소스 파일</Filter>
    </ClCompile>
    <ClCompile Include="Obstacle\Tree2.cpp">
      <Filter>소스 파일</Filter>
    </ClCompile>
    <ClCompile Include="Scene\EditerScene.cpp">
      <Filter>소스 파일</Filter>
    </ClCompile>
    <ClCompile Include="Obstacle\Rock.cpp">
      <Filter>소스 파일</Filter>
    </ClCompile>
    <ClCompile Include="Obstacle\Bush.cpp">
      <Filter>소스 파일</Filter>
    </ClCompile>
    <ClCompile Include="Obstacle\WatchTower.cpp">
      <Filter>소스 파일</Filter>
    </ClCompile>
    <ClCompile Include="Character\Bazooka.cpp">
      <Filter>소스 파일</Filter>
    </ClCompile>
    <ClCompile Include="Character\ACS.cpp">
      <Filter>소스 파일</Filter>
    </ClCompile>
    <ClCompile Include="Item\Quest_Item.cpp">
      <Filter>소스 파일</Filter>
    </ClCompile>
    <ClCompile Include="Character\NPC1.cpp">
      <Filter>소스 파일</Filter>
    </ClCompile>
    <ClCompile Include="Character\NPC2.cpp">
      <Filter>소스 파일</Filter>
    </ClCompile>
    <ClCompile Include="HUD\Weapon_Shop.cpp">
      <Filter>소스 파일</Filter>
    </ClCompile>
    <ClCompile Include="HUD\Vehicle_Shop.cpp">
      <Filter>소스 파일</Filter>
    </ClCompile>
  </ItemGroup>
  <ItemGroup>
    <ClInclude Include="stdafx.h">
      <Filter>헤더 파일</Filter>
    </ClInclude>
    <ClInclude Include="Object\Object.h">
      <Filter>헤더 파일</Filter>
    </ClInclude>
    <ClInclude Include="MainGame.h">
      <Filter>헤더 파일</Filter>
    </ClInclude>
    <ClInclude Include="Singleton\Singleton.h">
      <Filter>헤더 파일</Filter>
    </ClInclude>
    <ClInclude Include="Singleton\Timer.h">
      <Filter>헤더 파일</Filter>
    </ClInclude>
    <ClInclude Include="Singleton\Input.h">
      <Filter>헤더 파일</Filter>
    </ClInclude>
    <ClInclude Include="Object\Shader.h">
      <Filter>헤더 파일</Filter>
    </ClInclude>
    <ClInclude Include="Singleton\Cam.h">
      <Filter>헤더 파일</Filter>
    </ClInclude>
    <ClInclude Include="Object\ObRect.h">
      <Filter>헤더 파일</Filter>
    </ClInclude>
    <ClInclude Include="Object\ObLine.h">
      <Filter>헤더 파일</Filter>
    </ClInclude>
    <ClInclude Include="Util\Math.h">
      <Filter>헤더 파일</Filter>
    </ClInclude>
    <ClInclude Include="UserDef.h">
      <Filter>헤더 파일</Filter>
    </ClInclude>
    <ClInclude Include="Object\VertexType.h">
      <Filter>헤더 파일</Filter>
    </ClInclude>
    <ClInclude Include="Scene\Scene.h">
      <Filter>헤더 파일</Filter>
    </ClInclude>
    <ClInclude Include="Scene\Scene1.h">
      <Filter>헤더 파일</Filter>
    </ClInclude>
    <ClInclude Include="Scene\Scene2.h">
      <Filter>헤더 파일</Filter>
    </ClInclude>
    <ClInclude Include="Object\ObCircle.h">
      <Filter>헤더 파일</Filter>
    </ClInclude>
    <ClInclude Include="Object\ObStar.h">
      <Filter>헤더 파일</Filter>
    </ClInclude>
    <ClInclude Include="Util\Collision.h">
      <Filter>헤더 파일</Filter>
    </ClInclude>
    <ClInclude Include="Object\ObImage.h">
      <Filter>헤더 파일</Filter>
    </ClInclude>
    <ClInclude Include="Singleton\SceneManager.h">
      <Filter>헤더 파일</Filter>
    </ClInclude>
    <ClInclude Include="Singleton\Sound.h">
      <Filter>헤더 파일</Filter>
    </ClInclude>
    <ClInclude Include="Singleton\Light.h">
      <Filter>헤더 파일</Filter>
    </ClInclude>
    <ClInclude Include="Singleton\Texture.h">
      <Filter>헤더 파일</Filter>
    </ClInclude>
    <ClInclude Include="Singleton\SpriteText.h">
      <Filter>헤더 파일</Filter>
    </ClInclude>
    <ClInclude Include="Character\Character.h">
      <Filter>헤더 파일</Filter>
    </ClInclude>
    <ClInclude Include="Character\Player.h">
      <Filter>헤더 파일</Filter>
    </ClInclude>
    <ClInclude Include="TileMap\TileMap.h">
      <Filter>헤더 파일</Filter>
    </ClInclude>
    <ClInclude Include="TileMap\Tile.h">
      <Filter>헤더 파일</Filter>
    </ClInclude>
    <ClInclude Include="Scene\LoadingScene.h">
      <Filter>헤더 파일</Filter>
    </ClInclude>
    <ClInclude Include="Item\Item.h">
      <Filter>헤더 파일</Filter>
    </ClInclude>
    <ClInclude Include="Item\Ammunition.h">
      <Filter>헤더 파일</Filter>
    </ClInclude>
    <ClInclude Include="Item\HealPack.h">
      <Filter>헤더 파일</Filter>
    </ClInclude>
    <ClInclude Include="Item\Money.h">
      <Filter>헤더 파일</Filter>
    </ClInclude>
    <ClInclude Include="Item\Armor.h">
      <Filter>헤더 파일</Filter>
    </ClInclude>
    <ClInclude Include="HUD\HUD.h">
      <Filter>헤더 파일</Filter>
    </ClInclude>
    <ClInclude Include="Character\Sniper.h">
      <Filter>헤더 파일</Filter>
    </ClInclude>
    <ClInclude Include="Character\Soldier.h">
      <Filter>헤더 파일</Filter>
    </ClInclude>
    <ClInclude Include="Character\Storm.h">
      <Filter>헤더 파일</Filter>
    </ClInclude>
    <ClInclude Include="Obstacle\Obstacle.h">
      <Filter>헤더 파일</Filter>
    </ClInclude>
    <ClInclude Include="Obstacle\House1.h">
      <Filter>헤더 파일</Filter>
    </ClInclude>
    <ClInclude Include="Obstacle\House2.h">
      <Filter>헤더 파일</Filter>
    </ClInclude>
    <ClInclude Include="Obstacle\Tree1.h">
      <Filter>헤더 파일</Filter>
    </ClInclude>
    <ClInclude Include="Obstacle\Tree2.h">
      <Filter>헤더 파일</Filter>
    </ClInclude>
    <ClInclude Include="Scene\EditerScene.h">
      <Filter>헤더 파일</Filter>
    </ClInclude>
    <ClInclude Include="Obstacle\Rock.h">
      <Filter>헤더 파일</Filter>
    </ClInclude>
    <ClInclude Include="Obstacle\Bush.h">
      <Filter>헤더 파일</Filter>
    </ClInclude>
    <ClInclude Include="Obstacle\WatchTower.h">
      <Filter>헤더 파일</Filter>
    </ClInclude>
    <ClInclude Include="Character\Bazooka.h">
      <Filter>헤더 파일</Filter>
    </ClInclude>
    <ClInclude Include="Character\ACS.h">
      <Filter>헤더 파일</Filter>
    </ClInclude>
    <ClInclude Include="Item\Quest_Item.h">
      <Filter>헤더 파일</Filter>
    </ClInclude>
    <ClInclude Include="Character\NPC1.h">
      <Filter>헤더 파일</Filter>
    </ClInclude>
    <ClInclude Include="Character\NPC2.h">
      <Filter>헤더 파일</Filter>
    </ClInclude>
    <ClInclude Include="HUD\Weapon_Shop.h">
      <Filter>헤더 파일</Filter>
    </ClInclude>
    <ClInclude Include="HUD\Vehicle_Shop.h">
      <Filter>헤더 파일</Filter>
    </ClInclude>
  </ItemGroup>
  <ItemGroup>
    <Text Include="txt\픽셀,해상도.txt" />
    <Text Include="txt\삼각함수.txt" />
    <Text Include="txt\Vector.txt" />
    <Text Include="txt\Matrix.txt" />
    <Text Include="txt\렌더링파이프라인.txt" />
  </ItemGroup>
  <ItemGroup>
    <None Include="Shaders\1.Basic.hlsl" />
    <None Include="Shaders\2.Image.hlsl" />
  </ItemGroup>
</Project>